// !$*UTF8*$!
{
	archiveVersion = 1;
	classes = {
	};
	objectVersion = 46;
	objects = {

/* Begin PBXBuildFile section */
		2F7E186A1C190C2F0035809D /* main.m in Sources */ = {isa = PBXBuildFile; fileRef = 2F7E18691C190C2F0035809D /* main.m */; };
		2F7E186D1C190C2F0035809D /* AppDelegate.m in Sources */ = {isa = PBXBuildFile; fileRef = 2F7E186C1C190C2F0035809D /* AppDelegate.m */; };
		2F7E18701C190C2F0035809D /* ViewController.m in Sources */ = {isa = PBXBuildFile; fileRef = 2F7E186F1C190C2F0035809D /* ViewController.m */; };
		2F7E18731C190C2F0035809D /* Main.storyboard in Resources */ = {isa = PBXBuildFile; fileRef = 2F7E18711C190C2F0035809D /* Main.storyboard */; };
		2F7E18751C190C2F0035809D /* Assets.xcassets in Resources */ = {isa = PBXBuildFile; fileRef = 2F7E18741C190C2F0035809D /* Assets.xcassets */; };
		2F7E18781C190C2F0035809D /* LaunchScreen.storyboard in Resources */ = {isa = PBXBuildFile; fileRef = 2F7E18761C190C2F0035809D /* LaunchScreen.storyboard */; };
		2F7E18831C190C2F0035809D /* LoginVCTests.m in Sources */ = {isa = PBXBuildFile; fileRef = 2F7E18821C190C2F0035809D /* LoginVCTests.m */; };
		2F7E188E1C190C2F0035809D /* LoginVCUITests.m in Sources */ = {isa = PBXBuildFile; fileRef = 2F7E188D1C190C2F0035809D /* LoginVCUITests.m */; };
/* End PBXBuildFile section */

/* Begin PBXContainerItemProxy section */
		2F7E187F1C190C2F0035809D /* PBXContainerItemProxy */ = {
			isa = PBXContainerItemProxy;
			containerPortal = 2F7E185D1C190C2E0035809D /* Project object */;
			proxyType = 1;
			remoteGlobalIDString = 2F7E18641C190C2F0035809D;
			remoteInfo = LoginVC;
		};
		2F7E188A1C190C2F0035809D /* PBXContainerItemProxy */ = {
			isa = PBXContainerItemProxy;
			containerPortal = 2F7E185D1C190C2E0035809D /* Project object */;
			proxyType = 1;
			remoteGlobalIDString = 2F7E18641C190C2F0035809D;
			remoteInfo = LoginVC;
		};
/* End PBXContainerItemProxy section */

/* Begin PBXFileReference section */
		2F7E18651C190C2F0035809D /* LoginVC.app */ = {isa = PBXFileReference; explicitFileType = wrapper.application; includeInIndex = 0; path = LoginVC.app; sourceTree = BUILT_PRODUCTS_DIR; };
		2F7E18691C190C2F0035809D /* main.m */ = {isa = PBXFileReference; lastKnownFileType = sourcecode.c.objc; path = main.m; sourceTree = "<group>"; };
		2F7E186B1C190C2F0035809D /* AppDelegate.h */ = {isa = PBXFileReference; lastKnownFileType = sourcecode.c.h; path = AppDelegate.h; sourceTree = "<group>"; };
		2F7E186C1C190C2F0035809D /* AppDelegate.m */ = {isa = PBXFileReference; lastKnownFileType = sourcecode.c.objc; path = AppDelegate.m; sourceTree = "<group>"; };
		2F7E186E1C190C2F0035809D /* ViewController.h */ = {isa = PBXFileReference; lastKnownFileType = sourcecode.c.h; path = ViewController.h; sourceTree = "<group>"; };
		2F7E186F1C190C2F0035809D /* ViewController.m */ = {isa = PBXFileReference; lastKnownFileType = sourcecode.c.objc; path = ViewController.m; sourceTree = "<group>"; };
		2F7E18721C190C2F0035809D /* Base */ = {isa = PBXFileReference; lastKnownFileType = file.storyboard; name = Base; path = Base.lproj/Main.storyboard; sourceTree = "<group>"; };
		2F7E18741C190C2F0035809D /* Assets.xcassets */ = {isa = PBXFileReference; lastKnownFileType = folder.assetcatalog; path = Assets.xcassets; sourceTree = "<group>"; };
		2F7E18771C190C2F0035809D /* Base */ = {isa = PBXFileReference; lastKnownFileType = file.storyboard; name = Base; path = Base.lproj/LaunchScreen.storyboard; sourceTree = "<group>"; };
		2F7E18791C190C2F0035809D /* Info.plist */ = {isa = PBXFileReference; lastKnownFileType = text.plist.xml; path = Info.plist; sourceTree = "<group>"; };
		2F7E187E1C190C2F0035809D /* LoginVCTests.xctest */ = {isa = PBXFileReference; explicitFileType = wrapper.cfbundle; includeInIndex = 0; path = LoginVCTests.xctest; sourceTree = BUILT_PRODUCTS_DIR; };
		2F7E18821C190C2F0035809D /* LoginVCTests.m */ = {isa = PBXFileReference; lastKnownFileType = sourcecode.c.objc; path = LoginVCTests.m; sourceTree = "<group>"; };
		2F7E18841C190C2F0035809D /* Info.plist */ = {isa = PBXFileReference; lastKnownFileType = text.plist.xml; path = Info.plist; sourceTree = "<group>"; };
		2F7E18891C190C2F0035809D /* LoginVCUITests.xctest */ = {isa = PBXFileReference; explicitFileType = wrapper.cfbundle; includeInIndex = 0; path = LoginVCUITests.xctest; sourceTree = BUILT_PRODUCTS_DIR; };
		2F7E188D1C190C2F0035809D /* LoginVCUITests.m */ = {isa = PBXFileReference; lastKnownFileType = sourcecode.c.objc; path = LoginVCUITests.m; sourceTree = "<group>"; };
		2F7E188F1C190C2F0035809D /* Info.plist */ = {isa = PBXFileReference; lastKnownFileType = text.plist.xml; path = Info.plist; sourceTree = "<group>"; };
/* End PBXFileReference section */

/* Begin PBXFrameworksBuildPhase section */
		2F7E18621C190C2F0035809D /* Frameworks */ = {
			isa = PBXFrameworksBuildPhase;
			buildActionMask = 2147483647;
			files = (
			);
			runOnlyForDeploymentPostprocessing = 0;
		};
		2F7E187B1C190C2F0035809D /* Frameworks */ = {
			isa = PBXFrameworksBuildPhase;
			buildActionMask = 2147483647;
			files = (
			);
			runOnlyForDeploymentPostprocessing = 0;
		};
		2F7E18861C190C2F0035809D /* Frameworks */ = {
			isa = PBXFrameworksBuildPhase;
			buildActionMask = 2147483647;
			files = (
			);
			runOnlyForDeploymentPostprocessing = 0;
		};
/* End PBXFrameworksBuildPhase section */

/* Begin PBXGroup section */
		2F7E185C1C190C2E0035809D = {
			isa = PBXGroup;
			children = (
				2F7E18671C190C2F0035809D /* LoginVC */,
				2F7E18811C190C2F0035809D /* LoginVCTests */,
				2F7E188C1C190C2F0035809D /* LoginVCUITests */,
				2F7E18661C190C2F0035809D /* Products */,
			);
			sourceTree = "<group>";
		};
		2F7E18661C190C2F0035809D /* Products */ = {
			isa = PBXGroup;
			children = (
				2F7E18651C190C2F0035809D /* LoginVC.app */,
				2F7E187E1C190C2F0035809D /* LoginVCTests.xctest */,
				2F7E18891C190C2F0035809D /* LoginVCUITests.xctest */,
			);
			name = Products;
			sourceTree = "<group>";
		};
		2F7E18671C190C2F0035809D /* LoginVC */ = {
			isa = PBXGroup;
			children = (
				2F7E186B1C190C2F0035809D /* AppDelegate.h */,
				2F7E186C1C190C2F0035809D /* AppDelegate.m */,
				2F7E186E1C190C2F0035809D /* ViewController.h */,
				2F7E186F1C190C2F0035809D /* ViewController.m */,
				2F7E18711C190C2F0035809D /* Main.storyboard */,
				2F7E18741C190C2F0035809D /* Assets.xcassets */,
				2F7E18761C190C2F0035809D /* LaunchScreen.storyboard */,
				2F7E18791C190C2F0035809D /* Info.plist */,
				2F7E18681C190C2F0035809D /* Supporting Files */,
			);
			path = LoginVC;
			sourceTree = "<group>";
		};
		2F7E18681C190C2F0035809D /* Supporting Files */ = {
			isa = PBXGroup;
			children = (
				2F7E18691C190C2F0035809D /* main.m */,
			);
			name = "Supporting Files";
			sourceTree = "<group>";
		};
		2F7E18811C190C2F0035809D /* LoginVCTests */ = {
			isa = PBXGroup;
			children = (
				2F7E18821C190C2F0035809D /* LoginVCTests.m */,
				2F7E18841C190C2F0035809D /* Info.plist */,
			);
			path = LoginVCTests;
			sourceTree = "<group>";
		};
		2F7E188C1C190C2F0035809D /* LoginVCUITests */ = {
			isa = PBXGroup;
			children = (
				2F7E188D1C190C2F0035809D /* LoginVCUITests.m */,
				2F7E188F1C190C2F0035809D /* Info.plist */,
			);
			path = LoginVCUITests;
			sourceTree = "<group>";
		};
/* End PBXGroup section */

/* Begin PBXNativeTarget section */
		2F7E18641C190C2F0035809D /* LoginVC */ = {
			isa = PBXNativeTarget;
			buildConfigurationList = 2F7E18921C190C2F0035809D /* Build configuration list for PBXNativeTarget "LoginVC" */;
			buildPhases = (
				2F7E18611C190C2F0035809D /* Sources */,
				2F7E18621C190C2F0035809D /* Frameworks */,
				2F7E18631C190C2F0035809D /* Resources */,
			);
			buildRules = (
			);
			dependencies = (
			);
			name = LoginVC;
			productName = LoginVC;
			productReference = 2F7E18651C190C2F0035809D /* LoginVC.app */;
			productType = "com.apple.product-type.application";
		};
		2F7E187D1C190C2F0035809D /* LoginVCTests */ = {
			isa = PBXNativeTarget;
			buildConfigurationList = 2F7E18951C190C2F0035809D /* Build configuration list for PBXNativeTarget "LoginVCTests" */;
			buildPhases = (
				2F7E187A1C190C2F0035809D /* Sources */,
				2F7E187B1C190C2F0035809D /* Frameworks */,
				2F7E187C1C190C2F0035809D /* Resources */,
			);
			buildRules = (
			);
			dependencies = (
				2F7E18801C190C2F0035809D /* PBXTargetDependency */,
			);
			name = LoginVCTests;
			productName = LoginVCTests;
			productReference = 2F7E187E1C190C2F0035809D /* LoginVCTests.xctest */;
			productType = "com.apple.product-type.bundle.unit-test";
		};
		2F7E18881C190C2F0035809D /* LoginVCUITests */ = {
			isa = PBXNativeTarget;
			buildConfigurationList = 2F7E18981C190C2F0035809D /* Build configuration list for PBXNativeTarget "LoginVCUITests" */;
			buildPhases = (
				2F7E18851C190C2F0035809D /* Sources */,
				2F7E18861C190C2F0035809D /* Frameworks */,
				2F7E18871C190C2F0035809D /* Resources */,
			);
			buildRules = (
			);
			dependencies = (
				2F7E188B1C190C2F0035809D /* PBXTargetDependency */,
			);
			name = LoginVCUITests;
			productName = LoginVCUITests;
			productReference = 2F7E18891C190C2F0035809D /* LoginVCUITests.xctest */;
			productType = "com.apple.product-type.bundle.ui-testing";
		};
/* End PBXNativeTarget section */

/* Begin PBXProject section */
		2F7E185D1C190C2E0035809D /* Project object */ = {
			isa = PBXProject;
			attributes = {
				LastUpgradeCheck = 0720;
				ORGANIZATIONNAME = "QQ:1787354782";
				TargetAttributes = {
					2F7E18641C190C2F0035809D = {
						CreatedOnToolsVersion = 7.2;
					};
					2F7E187D1C190C2F0035809D = {
						CreatedOnToolsVersion = 7.2;
						TestTargetID = 2F7E18641C190C2F0035809D;
					};
					2F7E18881C190C2F0035809D = {
						CreatedOnToolsVersion = 7.2;
						TestTargetID = 2F7E18641C190C2F0035809D;
					};
				};
			};
			buildConfigurationList = 2F7E18601C190C2E0035809D /* Build configuration list for PBXProject "LoginVC" */;
			compatibilityVersion = "Xcode 3.2";
			developmentRegion = English;
			hasScannedForEncodings = 0;
			knownRegions = (
				en,
				Base,
			);
			mainGroup = 2F7E185C1C190C2E0035809D;
			productRefGroup = 2F7E18661C190C2F0035809D /* Products */;
			projectDirPath = "";
			projectRoot = "";
			targets = (
				2F7E18641C190C2F0035809D /* LoginVC */,
				2F7E187D1C190C2F0035809D /* LoginVCTests */,
				2F7E18881C190C2F0035809D /* LoginVCUITests */,
			);
		};
/* End PBXProject section */

/* Begin PBXResourcesBuildPhase section */
		2F7E18631C190C2F0035809D /* Resources */ = {
			isa = PBXResourcesBuildPhase;
			buildActionMask = 2147483647;
			files = (
				2F7E18781C190C2F0035809D /* LaunchScreen.storyboard in Resources */,
				2F7E18751C190C2F0035809D /* Assets.xcassets in Resources */,
				2F7E18731C190C2F0035809D /* Main.storyboard in Resources */,
			);
			runOnlyForDeploymentPostprocessing = 0;
		};
		2F7E187C1C190C2F0035809D /* Resources */ = {
			isa = PBXResourcesBuildPhase;
			buildActionMask = 2147483647;
			files = (
			);
			runOnlyForDeploymentPostprocessing = 0;
		};
		2F7E18871C190C2F0035809D /* Resources */ = {
			isa = PBXResourcesBuildPhase;
			buildActionMask = 2147483647;
			files = (
			);
			runOnlyForDeploymentPostprocessing = 0;
		};
/* End PBXResourcesBuildPhase section */

/* Begin PBXSourcesBuildPhase section */
		2F7E18611C190C2F0035809D /* Sources */ = {
			isa = PBXSourcesBuildPhase;
			buildActionMask = 2147483647;
			files = (
				2F7E18701C190C2F0035809D /* ViewController.m in Sources */,
				2F7E186D1C190C2F0035809D /* AppDelegate.m in Sources */,
				2F7E186A1C190C2F0035809D /* main.m in Sources */,
			);
			runOnlyForDeploymentPostprocessing = 0;
		};
		2F7E187A1C190C2F0035809D /* Sources */ = {
			isa = PBXSourcesBuildPhase;
			buildActionMask = 2147483647;
			files = (
				2F7E18831C190C2F0035809D /* LoginVCTests.m in Sources */,
			);
			runOnlyForDeploymentPostprocessing = 0;
		};
		2F7E18851C190C2F0035809D /* Sources */ = {
			isa = PBXSourcesBuildPhase;
			buildActionMask = 2147483647;
			files = (
				2F7E188E1C190C2F0035809D /* LoginVCUITests.m in Sources */,
			);
			runOnlyForDeploymentPostprocessing = 0;
		};
/* End PBXSourcesBuildPhase section */

/* Begin PBXTargetDependency section */
		2F7E18801C190C2F0035809D /* PBXTargetDependency */ = {
			isa = PBXTargetDependency;
			target = 2F7E18641C190C2F0035809D /* LoginVC */;
			targetProxy = 2F7E187F1C190C2F0035809D /* PBXContainerItemProxy */;
		};
		2F7E188B1C190C2F0035809D /* PBXTargetDependency */ = {
			isa = PBXTargetDependency;
			target = 2F7E18641C190C2F0035809D /* LoginVC */;
			targetProxy = 2F7E188A1C190C2F0035809D /* PBXContainerItemProxy */;
		};
/* End PBXTargetDependency section */

/* Begin PBXVariantGroup section */
		2F7E18711C190C2F0035809D /* Main.storyboard */ = {
			isa = PBXVariantGroup;
			children = (
				2F7E18721C190C2F0035809D /* Base */,
			);
			name = Main.storyboard;
			sourceTree = "<group>";
		};
		2F7E18761C190C2F0035809D /* LaunchScreen.storyboard */ = {
			isa = PBXVariantGroup;
			children = (
				2F7E18771C190C2F0035809D /* Base */,
			);
			name = LaunchScreen.storyboard;
			sourceTree = "<group>";
		};
/* End PBXVariantGroup section */

/* Begin XCBuildConfiguration section */
		2F7E18901C190C2F0035809D /* Debug */ = {
			isa = XCBuildConfiguration;
			buildSettings = {
				ALWAYS_SEARCH_USER_PATHS = NO;
				CLANG_CXX_LANGUAGE_STANDARD = "gnu++0x";
				CLANG_CXX_LIBRARY = "libc++";
				CLANG_ENABLE_MODULES = YES;
				CLANG_ENABLE_OBJC_ARC = YES;
				CLANG_WARN_BOOL_CONVERSION = YES;
				CLANG_WARN_CONSTANT_CONVERSION = YES;
				CLANG_WARN_DIRECT_OBJC_ISA_USAGE = YES_ERROR;
				CLANG_WARN_EMPTY_BODY = YES;
				CLANG_WARN_ENUM_CONVERSION = YES;
				CLANG_WARN_INT_CONVERSION = YES;
				CLANG_WARN_OBJC_ROOT_CLASS = YES_ERROR;
				CLANG_WARN_UNREACHABLE_CODE = YES;
				CLANG_WARN__DUPLICATE_METHOD_MATCH = YES;
				"CODE_SIGN_IDENTITY[sdk=iphoneos*]" = "iPhone Developer";
				COPY_PHASE_STRIP = NO;
				DEBUG_INFORMATION_FORMAT = dwarf;
				ENABLE_STRICT_OBJC_MSGSEND = YES;
				ENABLE_TESTABILITY = YES;
				GCC_C_LANGUAGE_STANDARD = gnu99;
				GCC_DYNAMIC_NO_PIC = NO;
				GCC_NO_COMMON_BLOCKS = YES;
				GCC_OPTIMIZATION_LEVEL = 0;
				GCC_PREPROCESSOR_DEFINITIONS = (
					"DEBUG=1",
					"$(inherited)",
				);
				GCC_WARN_64_TO_32_BIT_CONVERSION = YES;
				GCC_WARN_ABOUT_RETURN_TYPE = YES_ERROR;
				GCC_WARN_UNDECLARED_SELECTOR = YES;
				GCC_WARN_UNINITIALIZED_AUTOS = YES_AGGRESSIVE;
				GCC_WARN_UNUSED_FUNCTION = YES;
				GCC_WARN_UNUSED_VARIABLE = YES;
				IPHONEOS_DEPLOYMENT_TARGET = 9.2;
				MTL_ENABLE_DEBUG_INFO = YES;
				ONLY_ACTIVE_ARCH = YES;
				SDKROOT = iphoneos;
			};
			name = Debug;
		};
		2F7E18911C190C2F0035809D /* Release */ = {
			isa = XCBuildConfiguration;
			buildSettings = {
				ALWAYS_SEARCH_USER_PATHS = NO;
				CLANG_CXX_LANGUAGE_STANDARD = "gnu++0x";
				CLANG_CXX_LIBRARY = "libc++";
				CLANG_ENABLE_MODULES = YES;
				CLANG_ENABLE_OBJC_ARC = YES;
				CLANG_WARN_BOOL_CONVERSION = YES;
				CLANG_WARN_CONSTANT_CONVERSION = YES;
				CLANG_WARN_DIRECT_OBJC_ISA_USAGE = YES_ERROR;
				CLANG_WARN_EMPTY_BODY = YES;
				CLANG_WARN_ENUM_CONVERSION = YES;
				CLANG_WARN_INT_CONVERSION = YES;
				CLANG_WARN_OBJC_ROOT_CLASS = YES_ERROR;
				CLANG_WARN_UNREACHABLE_CODE = YES;
				CLANG_WARN__DUPLICATE_METHOD_MATCH = YES;
				"CODE_SIGN_IDENTITY[sdk=iphoneos*]" = "iPhone Developer";
				COPY_PHASE_STRIP = NO;
				DEBUG_INFORMATION_FORMAT = "dwarf-with-dsym";
				ENABLE_NS_ASSERTIONS = NO;
				ENABLE_STRICT_OBJC_MSGSEND = YES;
				GCC_C_LANGUAGE_STANDARD = gnu99;
				GCC_NO_COMMON_BLOCKS = YES;
				GCC_WARN_64_TO_32_BIT_CONVERSION = YES;
				GCC_WARN_ABOUT_RETURN_TYPE = YES_ERROR;
				GCC_WARN_UNDECLARED_SELECTOR = YES;
				GCC_WARN_UNINITIALIZED_AUTOS = YES_AGGRESSIVE;
				GCC_WARN_UNUSED_FUNCTION = YES;
				GCC_WARN_UNUSED_VARIABLE = YES;
				IPHONEOS_DEPLOYMENT_TARGET = 9.2;
				MTL_ENABLE_DEBUG_INFO = NO;
				SDKROOT = iphoneos;
				VALIDATE_PRODUCT = YES;
			};
			name = Release;
		};
		2F7E18931C190C2F0035809D /* Debug */ = {
			isa = XCBuildConfiguration;
			buildSettings = {
				ASSETCATALOG_COMPILER_APPICON_NAME = AppIcon;
				INFOPLIST_FILE = LoginVC/Info.plist;
				LD_RUNPATH_SEARCH_PATHS = "$(inherited) @executable_path/Frameworks";
				PRODUCT_BUNDLE_IDENTIFIER = com.yhj.LoginVC;
				PRODUCT_NAME = "$(TARGET_NAME)";
			};
			name = Debug;
		};
		2F7E18941C190C2F0035809D /* Release */ = {
			isa = XCBuildConfiguration;
			buildSettings = {
				ASSETCATALOG_COMPILER_APPICON_NAME = AppIcon;
				INFOPLIST_FILE = LoginVC/Info.plist;
				LD_RUNPATH_SEARCH_PATHS = "$(inherited) @executable_path/Frameworks";
				PRODUCT_BUNDLE_IDENTIFIER = com.yhj.LoginVC;
				PRODUCT_NAME = "$(TARGET_NAME)";
			};
			name = Release;
		};
		2F7E18961C190C2F0035809D /* Debug */ = {
			isa = XCBuildConfiguration;
			buildSettings = {
				BUNDLE_LOADER = "$(TEST_HOST)";
				INFOPLIST_FILE = LoginVCTests/Info.plist;
				LD_RUNPATH_SEARCH_PATHS = "$(inherited) @executable_path/Frameworks @loader_path/Frameworks";
				PRODUCT_BUNDLE_IDENTIFIER = com.yhj.LoginVCTests;
				PRODUCT_NAME = "$(TARGET_NAME)";
				TEST_HOST = "$(BUILT_PRODUCTS_DIR)/LoginVC.app/LoginVC";
			};
			name = Debug;
		};
		2F7E18971C190C2F0035809D /* Release */ = {
			isa = XCBuildConfiguration;
			buildSettings = {
				BUNDLE_LOADER = "$(TEST_HOST)";
				INFOPLIST_FILE = LoginVCTests/Info.plist;
				LD_RUNPATH_SEARCH_PATHS = "$(inherited) @executable_path/Frameworks @loader_path/Frameworks";
				PRODUCT_BUNDLE_IDENTIFIER = com.yhj.LoginVCTests;
				PRODUCT_NAME = "$(TARGET_NAME)";
				TEST_HOST = "$(BUILT_PRODUCTS_DIR)/LoginVC.app/LoginVC";
			};
			name = Release;
		};
		2F7E18991C190C2F0035809D /* Debug */ = {
			isa = XCBuildConfiguration;
			buildSettings = {
				INFOPLIST_FILE = LoginVCUITests/Info.plist;
				LD_RUNPATH_SEARCH_PATHS = "$(inherited) @executable_path/Frameworks @loader_path/Frameworks";
				PRODUCT_BUNDLE_IDENTIFIER = com.yhj.LoginVCUITests;
				PRODUCT_NAME = "$(TARGET_NAME)";
				TEST_TARGET_NAME = LoginVC;
				USES_XCTRUNNER = YES;
			};
			name = Debug;
		};
		2F7E189A1C190C2F0035809D /* Release */ = {
			isa = XCBuildConfiguration;
			buildSettings = {
				INFOPLIST_FILE = LoginVCUITests/Info.plist;
				LD_RUNPATH_SEARCH_PATHS = "$(inherited) @executable_path/Frameworks @loader_path/Frameworks";
				PRODUCT_BUNDLE_IDENTIFIER = com.yhj.LoginVCUITests;
				PRODUCT_NAME = "$(TARGET_NAME)";
				TEST_TARGET_NAME = LoginVC;
				USES_XCTRUNNER = YES;
			};
			name = Release;
		};
/* End XCBuildConfiguration section */

/* Begin XCConfigurationList section */
		2F7E18601C190C2E0035809D /* Build configuration list for PBXProject "LoginVC" */ = {
			isa = XCConfigurationList;
			buildConfigurations = (
				2F7E18901C190C2F0035809D /* Debug */,
				2F7E18911C190C2F0035809D /* Release */,
			);
			defaultConfigurationIsVisible = 0;
			defaultConfigurationName = Release;
		};
		2F7E18921C190C2F0035809D /* Build configuration list for PBXNativeTarget "LoginVC" */ = {
			isa = XCConfigurationList;
			buildConfigurations = (
				2F7E18931C190C2F0035809D /* Debug */,
				2F7E18941C190C2F0035809D /* Release */,
			);
			defaultConfigurationIsVisible = 0;
		};
		2F7E18951C190C2F0035809D /* Build configuration list for PBXNativeTarget "LoginVCTests" */ = {
			isa = XCConfigurationList;
			buildConfigurations = (
				2F7E18961C190C2F0035809D /* Debug */,
				2F7E18971C190C2F0035809D /* Release */,
			);
			defaultConfigurationIsVisible = 0;
		};
		2F7E18981C190C2F0035809D /* Build configuration list for PBXNativeTarget "LoginVCUITests" */ = {
			isa = XCConfigurationList;
			buildConfigurations = (
				2F7E18991C190C2F0035809D /* Debug */,
				2F7E189A1C190C2F0035809D /* Release */,
			);
			defaultConfigurationIsVisible = 0;
		};
/* End XCConfigurationList section */
	};
	rootObject = 2F7E185D1C190C2E0035809D /* Project object */;
}
